// !$*UTF8*$!
{
	archiveVersion = 1;
	classes = {
	};
	objectVersion = 50;
	objects = {

/* Begin PBXBuildFile section */
		48689E7B220E880A00642F83 /* TableRow.swift in Sources */ = {isa = PBXBuildFile; fileRef = 48689E7A220E880A00642F83 /* TableRow.swift */; };
		48689E81221139FD00642F83 /* SettingViewController.swift in Sources */ = {isa = PBXBuildFile; fileRef = 48689E80221139FD00642F83 /* SettingViewController.swift */; };
		48689E882211441800642F83 /* ShortcutCell.swift in Sources */ = {isa = PBXBuildFile; fileRef = 48689E872211441800642F83 /* ShortcutCell.swift */; };
		48689E8A2211626C00642F83 /* Shortcut.swift in Sources */ = {isa = PBXBuildFile; fileRef = 48689E892211626C00642F83 /* Shortcut.swift */; };
		48BD90D0220BCB9500ED5879 /* AppDelegate.swift in Sources */ = {isa = PBXBuildFile; fileRef = 48BD90CF220BCB9500ED5879 /* AppDelegate.swift */; };
		48BD90D7220BCB9700ED5879 /* Assets.xcassets in Resources */ = {isa = PBXBuildFile; fileRef = 48BD90D6220BCB9700ED5879 /* Assets.xcassets */; };
		48BD90DA220BCB9700ED5879 /* LaunchScreen.storyboard in Resources */ = {isa = PBXBuildFile; fileRef = 48BD90D8220BCB9700ED5879 /* LaunchScreen.storyboard */; };
		48BD90E2220BCE7F00ED5879 /* CustomTextView.swift in Sources */ = {isa = PBXBuildFile; fileRef = 48BD90E1220BCE7F00ED5879 /* CustomTextView.swift */; };
		48BD90E6220C1C8C00ED5879 /* MainViewController.swift in Sources */ = {isa = PBXBuildFile; fileRef = 48BD90E5220C1C8C00ED5879 /* MainViewController.swift */; };
		48BD90E8220C1DDF00ED5879 /* TableViewCell.swift in Sources */ = {isa = PBXBuildFile; fileRef = 48BD90E7220C1DDF00ED5879 /* TableViewCell.swift */; };
/* End PBXBuildFile section */

/* Begin PBXFileReference section */
		48689E7A220E880A00642F83 /* TableRow.swift */ = {isa = PBXFileReference; lastKnownFileType = sourcecode.swift; path = TableRow.swift; sourceTree = "<group>"; };
		48689E80221139FD00642F83 /* SettingViewController.swift */ = {isa = PBXFileReference; lastKnownFileType = sourcecode.swift; path = SettingViewController.swift; sourceTree = "<group>"; };
		48689E872211441800642F83 /* ShortcutCell.swift */ = {isa = PBXFileReference; lastKnownFileType = sourcecode.swift; path = ShortcutCell.swift; sourceTree = "<group>"; };
		48689E892211626C00642F83 /* Shortcut.swift */ = {isa = PBXFileReference; lastKnownFileType = sourcecode.swift; path = Shortcut.swift; sourceTree = "<group>"; };
		48BD90CC220BCB9500ED5879 /* CheckList.app */ = {isa = PBXFileReference; explicitFileType = wrapper.application; includeInIndex = 0; path = CheckList.app; sourceTree = BUILT_PRODUCTS_DIR; };
		48BD90CF220BCB9500ED5879 /* AppDelegate.swift */ = {isa = PBXFileReference; lastKnownFileType = sourcecode.swift; path = AppDelegate.swift; sourceTree = "<group>"; };
		48BD90D6220BCB9700ED5879 /* Assets.xcassets */ = {isa = PBXFileReference; lastKnownFileType = folder.assetcatalog; path = Assets.xcassets; sourceTree = "<group>"; };
		48BD90D9220BCB9700ED5879 /* Base */ = {isa = PBXFileReference; lastKnownFileType = file.storyboard; name = Base; path = Base.lproj/LaunchScreen.storyboard; sourceTree = "<group>"; };
		48BD90DB220BCB9700ED5879 /* Info.plist */ = {isa = PBXFileReference; lastKnownFileType = text.plist.xml; path = Info.plist; sourceTree = "<group>"; };
		48BD90E1220BCE7F00ED5879 /* CustomTextView.swift */ = {isa = PBXFileReference; lastKnownFileType = sourcecode.swift; path = CustomTextView.swift; sourceTree = "<group>"; };
		48BD90E5220C1C8C00ED5879 /* MainViewController.swift */ = {isa = PBXFileReference; lastKnownFileType = sourcecode.swift; path = MainViewController.swift; sourceTree = "<group>"; };
		48BD90E7220C1DDF00ED5879 /* TableViewCell.swift */ = {isa = PBXFileReference; lastKnownFileType = sourcecode.swift; path = TableViewCell.swift; sourceTree = "<group>"; };
/* End PBXFileReference section */

/* Begin PBXFrameworksBuildPhase section */
		48BD90C9220BCB9500ED5879 /* Frameworks */ = {
			isa = PBXFrameworksBuildPhase;
			buildActionMask = 2147483647;
			files = (
			);
			runOnlyForDeploymentPostprocessing = 0;
		};
/* End PBXFrameworksBuildPhase section */

/* Begin PBXGroup section */
		48689E8422113A9F00642F83 /* Model */ = {
			isa = PBXGroup;
			children = (
				48689E7A220E880A00642F83 /* TableRow.swift */,
				48689E892211626C00642F83 /* Shortcut.swift */,
			);
			path = Model;
			sourceTree = "<group>";
		};
		48689E8522113CA700642F83 /* View */ = {
			isa = PBXGroup;
			children = (
				48BD90E7220C1DDF00ED5879 /* TableViewCell.swift */,
				48BD90E1220BCE7F00ED5879 /* CustomTextView.swift */,
				48689E872211441800642F83 /* ShortcutCell.swift */,
			);
			path = View;
			sourceTree = "<group>";
		};
		48689E8622113CB400642F83 /* Controller */ = {
			isa = PBXGroup;
			children = (
				48BD90E5220C1C8C00ED5879 /* MainViewController.swift */,
				48689E80221139FD00642F83 /* SettingViewController.swift */,
			);
			path = Controller;
			sourceTree = "<group>";
		};
		48BD90C3220BCB9500ED5879 = {
			isa = PBXGroup;
			children = (
				48BD90CE220BCB9500ED5879 /* CheckList */,
				48BD90CD220BCB9500ED5879 /* Products */,
			);
			sourceTree = "<group>";
		};
		48BD90CD220BCB9500ED5879 /* Products */ = {
			isa = PBXGroup;
			children = (
				48BD90CC220BCB9500ED5879 /* CheckList.app */,
			);
			name = Products;
			sourceTree = "<group>";
		};
		48BD90CE220BCB9500ED5879 /* CheckList */ = {
			isa = PBXGroup;
			children = (
				48689E8622113CB400642F83 /* Controller */,
				48689E8522113CA700642F83 /* View */,
				48689E8422113A9F00642F83 /* Model */,
				48BD90CF220BCB9500ED5879 /* AppDelegate.swift */,
				48BD90D6220BCB9700ED5879 /* Assets.xcassets */,
				48BD90D8220BCB9700ED5879 /* LaunchScreen.storyboard */,
				48BD90DB220BCB9700ED5879 /* Info.plist */,
			);
			path = CheckList;
			sourceTree = "<group>";
		};
/* End PBXGroup section */

/* Begin PBXNativeTarget section */
		48BD90CB220BCB9500ED5879 /* CheckList */ = {
			isa = PBXNativeTarget;
			buildConfigurationList = 48BD90DE220BCB9700ED5879 /* Build configuration list for PBXNativeTarget "CheckList" */;
			buildPhases = (
				48BD90C8220BCB9500ED5879 /* Sources */,
				48BD90C9220BCB9500ED5879 /* Frameworks */,
				48BD90CA220BCB9500ED5879 /* Resources */,
			);
			buildRules = (
			);
			dependencies = (
			);
			name = CheckList;
			productName = CheckList;
			productReference = 48BD90CC220BCB9500ED5879 /* CheckList.app */;
			productType = "com.apple.product-type.application";
		};
/* End PBXNativeTarget section */

/* Begin PBXProject section */
		48BD90C4220BCB9500ED5879 /* Project object */ = {
			isa = PBXProject;
			attributes = {
				LastSwiftUpdateCheck = 1010;
				LastUpgradeCheck = 1010;
				ORGANIZATIONNAME = samchon;
				TargetAttributes = {
					48BD90CB220BCB9500ED5879 = {
						CreatedOnToolsVersion = 10.1;
					};
				};
			};
			buildConfigurationList = 48BD90C7220BCB9500ED5879 /* Build configuration list for PBXProject "CheckList" */;
			compatibilityVersion = "Xcode 9.3";
			developmentRegion = en;
			hasScannedForEncodings = 0;
			knownRegions = (
				en,
				Base,
			);
			mainGroup = 48BD90C3220BCB9500ED5879;
			productRefGroup = 48BD90CD220BCB9500ED5879 /* Products */;
			projectDirPath = "";
			projectRoot = "";
			targets = (
				48BD90CB220BCB9500ED5879 /* CheckList */,
			);
		};
/* End PBXProject section */

/* Begin PBXResourcesBuildPhase section */
		48BD90CA220BCB9500ED5879 /* Resources */ = {
			isa = PBXResourcesBuildPhase;
			buildActionMask = 2147483647;
			files = (
				48BD90DA220BCB9700ED5879 /* LaunchScreen.storyboard in Resources */,
				48BD90D7220BCB9700ED5879 /* Assets.xcassets in Resources */,
			);
			runOnlyForDeploymentPostprocessing = 0;
		};
/* End PBXResourcesBuildPhase section */

/* Begin PBXSourcesBuildPhase section */
		48BD90C8220BCB9500ED5879 /* Sources */ = {
			isa = PBXSourcesBuildPhase;
			buildActionMask = 2147483647;
			files = (
				48BD90E8220C1DDF00ED5879 /* TableViewCell.swift in Sources */,
				48689E882211441800642F83 /* ShortcutCell.swift in Sources */,
				48BD90D0220BCB9500ED5879 /* AppDelegate.swift in Sources */,
				48BD90E2220BCE7F00ED5879 /* CustomTextView.swift in Sources */,
				48BD90E6220C1C8C00ED5879 /* MainViewController.swift in Sources */,
				48689E81221139FD00642F83 /* SettingViewController.swift in Sources */,
				48689E7B220E880A00642F83 /* TableRow.swift in Sources */,
				48689E8A2211626C00642F83 /* Shortcut.swift in Sources */,
			);
			runOnlyForDeploymentPostprocessing = 0;
		};
/* End PBXSourcesBuildPhase section */

/* Begin PBXVariantGroup section */
		48BD90D8220BCB9700ED5879 /* LaunchScreen.storyboard */ = {
			isa = PBXVariantGroup;
			children = (
				48BD90D9220BCB9700ED5879 /* Base */,
			);
			name = LaunchScreen.storyboard;
			sourceTree = "<group>";
		};
/* End PBXVariantGroup section */

/* Begin XCBuildConfiguration section */
		48BD90DC220BCB9700ED5879 /* Debug */ = {
			isa = XCBuildConfiguration;
			buildSettings = {
				ALWAYS_SEARCH_USER_PATHS = NO;
				CLANG_ANALYZER_NONNULL = YES;
				CLANG_ANALYZER_NUMBER_OBJECT_CONVERSION = YES_AGGRESSIVE;
				CLANG_CXX_LANGUAGE_STANDARD = "gnu++14";
				CLANG_CXX_LIBRARY = "libc++";
				CLANG_ENABLE_MODULES = YES;
				CLANG_ENABLE_OBJC_ARC = YES;
				CLANG_ENABLE_OBJC_WEAK = YES;
				CLANG_WARN_BLOCK_CAPTURE_AUTORELEASING = YES;
				CLANG_WARN_BOOL_CONVERSION = YES;
				CLANG_WARN_COMMA = YES;
				CLANG_WARN_CONSTANT_CONVERSION = YES;
				CLANG_WARN_DEPRECATED_OBJC_IMPLEMENTATIONS = YES;
				CLANG_WARN_DIRECT_OBJC_ISA_USAGE = YES_ERROR;
				CLANG_WARN_DOCUMENTATION_COMMENTS = YES;
				CLANG_WARN_EMPTY_BODY = YES;
				CLANG_WARN_ENUM_CONVERSION = YES;
				CLANG_WARN_INFINITE_RECURSION = YES;
				CLANG_WARN_INT_CONVERSION = YES;
				CLANG_WARN_NON_LITERAL_NULL_CONVERSION = YES;
				CLANG_WARN_OBJC_IMPLICIT_RETAIN_SELF = YES;
				CLANG_WARN_OBJC_LITERAL_CONVERSION = YES;
				CLANG_WARN_OBJC_ROOT_CLASS = YES_ERROR;
				CLANG_WARN_RANGE_LOOP_ANALYSIS = YES;
				CLANG_WARN_STRICT_PROTOTYPES = YES;
				CLANG_WARN_SUSPICIOUS_MOVE = YES;
				CLANG_WARN_UNGUARDED_AVAILABILITY = YES_AGGRESSIVE;
				CLANG_WARN_UNREACHABLE_CODE = YES;
				CLANG_WARN__DUPLICATE_METHOD_MATCH = YES;
				CODE_SIGN_IDENTITY = "iPhone Developer";
				COPY_PHASE_STRIP = NO;
				DEBUG_INFORMATION_FORMAT = dwarf;
				ENABLE_STRICT_OBJC_MSGSEND = YES;
				ENABLE_TESTABILITY = YES;
				GCC_C_LANGUAGE_STANDARD = gnu11;
				GCC_DYNAMIC_NO_PIC = NO;
				GCC_NO_COMMON_BLOCKS = YES;
				GCC_OPTIMIZATION_LEVEL = 0;
				GCC_PREPROCESSOR_DEFINITIONS = (
					"DEBUG=1",
					"$(inherited)",
				);
				GCC_WARN_64_TO_32_BIT_CONVERSION = YES;
				GCC_WARN_ABOUT_RETURN_TYPE = YES_ERROR;
				GCC_WARN_UNDECLARED_SELECTOR = YES;
				GCC_WARN_UNINITIALIZED_AUTOS = YES_AGGRESSIVE;
				GCC_WARN_UNUSED_FUNCTION = YES;
				GCC_WARN_UNUSED_VARIABLE = YES;
				IPHONEOS_DEPLOYMENT_TARGET = 12.1;
				MTL_ENABLE_DEBUG_INFO = INCLUDE_SOURCE;
				MTL_FAST_MATH = YES;
				ONLY_ACTIVE_ARCH = YES;
				SDKROOT = iphoneos;
				SWIFT_ACTIVE_COMPILATION_CONDITIONS = DEBUG;
				SWIFT_OPTIMIZATION_LEVEL = "-Onone";
			};
			name = Debug;
		};
		48BD90DD220BCB9700ED5879 /* Release */ = {
			isa = XCBuildConfiguration;
			buildSettings = {
				ALWAYS_SEARCH_USER_PATHS = NO;
				CLANG_ANALYZER_NONNULL = YES;
				CLANG_ANALYZER_NUMBER_OBJECT_CONVERSION = YES_AGGRESSIVE;
				CLANG_CXX_LANGUAGE_STANDARD = "gnu++14";
				CLANG_CXX_LIBRARY = "libc++";
				CLANG_ENABLE_MODULES = YES;
				CLANG_ENABLE_OBJC_ARC = YES;
				CLANG_ENABLE_OBJC_WEAK = YES;
				CLANG_WARN_BLOCK_CAPTURE_AUTORELEASING = YES;
				CLANG_WARN_BOOL_CONVERSION = YES;
				CLANG_WARN_COMMA = YES;
				CLANG_WARN_CONSTANT_CONVERSION = YES;
				CLANG_WARN_DEPRECATED_OBJC_IMPLEMENTATIONS = YES;
				CLANG_WARN_DIRECT_OBJC_ISA_USAGE = YES_ERROR;
				CLANG_WARN_DOCUMENTATION_COMMENTS = YES;
				CLANG_WARN_EMPTY_BODY = YES;
				CLANG_WARN_ENUM_CONVERSION = YES;
				CLANG_WARN_INFINITE_RECURSION = YES;
				CLANG_WARN_INT_CONVERSION = YES;
				CLANG_WARN_NON_LITERAL_NULL_CONVERSION = YES;
				CLANG_WARN_OBJC_IMPLICIT_RETAIN_SELF = YES;
				CLANG_WARN_OBJC_LITERAL_CONVERSION = YES;
				CLANG_WARN_OBJC_ROOT_CLASS = YES_ERROR;
				CLANG_WARN_RANGE_LOOP_ANALYSIS = YES;
				CLANG_WARN_STRICT_PROTOTYPES = YES;
				CLANG_WARN_SUSPICIOUS_MOVE = YES;
				CLANG_WARN_UNGUARDED_AVAILABILITY = YES_AGGRESSIVE;
				CLANG_WARN_UNREACHABLE_CODE = YES;
				CLANG_WARN__DUPLICATE_METHOD_MATCH = YES;
				CODE_SIGN_IDENTITY = "iPhone Developer";
				COPY_PHASE_STRIP = NO;
				DEBUG_INFORMATION_FORMAT = "dwarf-with-dsym";
				ENABLE_NS_ASSERTIONS = NO;
				ENABLE_STRICT_OBJC_MSGSEND = YES;
				GCC_C_LANGUAGE_STANDARD = gnu11;
				GCC_NO_COMMON_BLOCKS = YES;
				GCC_WARN_64_TO_32_BIT_CONVERSION = YES;
				GCC_WARN_ABOUT_RETURN_TYPE = YES_ERROR;
				GCC_WARN_UNDECLARED_SELECTOR = YES;
				GCC_WARN_UNINITIALIZED_AUTOS = YES_AGGRESSIVE;
				GCC_WARN_UNUSED_FUNCTION = YES;
				GCC_WARN_UNUSED_VARIABLE = YES;
				IPHONEOS_DEPLOYMENT_TARGET = 12.1;
				MTL_ENABLE_DEBUG_INFO = NO;
				MTL_FAST_MATH = YES;
				SDKROOT = iphoneos;
				SWIFT_COMPILATION_MODE = wholemodule;
				SWIFT_OPTIMIZATION_LEVEL = "-O";
				VALIDATE_PRODUCT = YES;
			};
			name = Release;
		};
		48BD90DF220BCB9700ED5879 /* Debug */ = {
			isa = XCBuildConfiguration;
			buildSettings = {
				ASSETCATALOG_COMPILER_APPICON_NAME = AppIcon;
				CODE_SIGN_STYLE = Automatic;
				DEVELOPMENT_TEAM = J6JJA4UC5Z;
				INFOPLIST_FILE = CheckList/Info.plist;
				LD_RUNPATH_SEARCH_PATHS = (
					"$(inherited)",
					"@executable_path/Frameworks",
				);
				PRODUCT_BUNDLE_IDENTIFIER = com.samchon.CheckList;
				PRODUCT_NAME = "$(TARGET_NAME)";
				SWIFT_VERSION = 4.2;
				TARGETED_DEVICE_FAMILY = "1,2";
			};
			name = Debug;
		};
		48BD90E0220BCB9700ED5879 /* Release */ = {
			isa = XCBuildConfiguration;
			buildSettings = {
				ASSETCATALOG_COMPILER_APPICON_NAME = AppIcon;
				CODE_SIGN_STYLE = Automatic;
				DEVELOPMENT_TEAM = J6JJA4UC5Z;
				INFOPLIST_FILE = CheckList/Info.plist;
				LD_RUNPATH_SEARCH_PATHS = (
					"$(inherited)",
					"@executable_path/Frameworks",
				);
				PRODUCT_BUNDLE_IDENTIFIER = com.samchon.CheckList;
				PRODUCT_NAME = "$(TARGET_NAME)";
				SWIFT_VERSION = 4.2;
				TARGETED_DEVICE_FAMILY = "1,2";
			};
			name = Release;
		};
/* End XCBuildConfiguration section */

/* Begin XCConfigurationList section */
		48BD90C7220BCB9500ED5879 /* Build configuration list for PBXProject "CheckList" */ = {
			isa = XCConfigurationList;
			buildConfigurations = (
				48BD90DC220BCB9700ED5879 /* Debug */,
				48BD90DD220BCB9700ED5879 /* Release */,
			);
			defaultConfigurationIsVisible = 0;
			defaultConfigurationName = Release;
		};
		48BD90DE220BCB9700ED5879 /* Build configuration list for PBXNativeTarget "CheckList" */ = {
			isa = XCConfigurationList;
			buildConfigurations = (
				48BD90DF220BCB9700ED5879 /* Debug */,
				48BD90E0220BCB9700ED5879 /* Release */,
			);
			defaultConfigurationIsVisible = 0;
			defaultConfigurationName = Release;
		};
/* End XCConfigurationList section */
	};
	rootObject = 48BD90C4220BCB9500ED5879 /* Project object */;
}
